// !$*UTF8*$!
{
	archiveVersion = 1;
	classes = {
	};
	objectVersion = 46;
	objects = {

/* Begin PBXBuildFile section */
		9A11E0EA15FAD500009615DC /* dustBG.png in Resources */ = {isa = PBXBuildFile; fileRef = 9A11E0E915FAD500009615DC /* dustBG.png */; };
		9A11E0EC15FAD53E009615DC /* pulseSplash.png in Resources */ = {isa = PBXBuildFile; fileRef = 9A11E0EB15FAD53E009615DC /* pulseSplash.png */; };
		9A11E0EE15FADF85009615DC /* shatteredBG.png in Resources */ = {isa = PBXBuildFile; fileRef = 9A11E0ED15FADF85009615DC /* shatteredBG.png */; };
		9A11E0F215FB0AF2009615DC /* TabViewController.m in Sources */ = {isa = PBXBuildFile; fileRef = 9A11E0F015FB0AF2009615DC /* TabViewController.m */; };
		9A16072D1612546D002E8DD7 /* Default-568h@2x.png in Resources */ = {isa = PBXBuildFile; fileRef = 9A16072C1612546D002E8DD7 /* Default-568h@2x.png */; };
		9A1607301612555D002E8DD7 /* Parse.framework in Frameworks */ = {isa = PBXBuildFile; fileRef = 9A16072F1612555D002E8DD7 /* Parse.framework */; };
		9A1607331612672D002E8DD7 /* LoginViewController.m in Sources */ = {isa = PBXBuildFile; fileRef = 9A1607321612672D002E8DD7 /* LoginViewController.m */; };
		9A16073916127639002E8DD7 /* RecordingViewController.m in Sources */ = {isa = PBXBuildFile; fileRef = 9A16073816127638002E8DD7 /* RecordingViewController.m */; };
		9A2F778B15FFCFCF004E0D1E /* noisy_grid@2X.png in Resources */ = {isa = PBXBuildFile; fileRef = 9A2F778915FFCFCF004E0D1E /* noisy_grid@2X.png */; };
		9A2F778C15FFCFCF004E0D1E /* noisy_grid.png in Resources */ = {isa = PBXBuildFile; fileRef = 9A2F778A15FFCFCF004E0D1E /* noisy_grid.png */; };
		9A2F779115FFF44B004E0D1E /* SearchDiscoveryResultsViewController.m in Sources */ = {isa = PBXBuildFile; fileRef = 9A2F778F15FFF44B004E0D1E /* SearchDiscoveryResultsViewController.m */; };
		9A87B2C1160A4E2500B86843 /* AudioToolbox.framework in Frameworks */ = {isa = PBXBuildFile; fileRef = 9A9E41DE15FA81D60013E24D /* AudioToolbox.framework */; };
		9A87B2CB160A532500B86843 /* PulseStore.m in Sources */ = {isa = PBXBuildFile; fileRef = 9A87B2CA160A532500B86843 /* PulseStore.m */; };
		9A87B2CE160A994700B86843 /* DiscoverTableViewController.m in Sources */ = {isa = PBXBuildFile; fileRef = 9A87B2CD160A994700B86843 /* DiscoverTableViewController.m */; };
		9A88906F15FD2C96005552E8 /* cog_02@2x.png in Resources */ = {isa = PBXBuildFile; fileRef = 9A88906E15FD2C96005552E8 /* cog_02@2x.png */; };
		9A88907115FD2C9F005552E8 /* cog_02.png in Resources */ = {isa = PBXBuildFile; fileRef = 9A88907015FD2C9F005552E8 /* cog_02.png */; };
		9A88907315FD2CA8005552E8 /* record.png in Resources */ = {isa = PBXBuildFile; fileRef = 9A88907215FD2CA8005552E8 /* record.png */; };
		9A88907515FD2CB6005552E8 /* record@2x.png in Resources */ = {isa = PBXBuildFile; fileRef = 9A88907415FD2CB6005552E8 /* record@2x.png */; };
		9A88907715FD2D27005552E8 /* pacman@2x.png in Resources */ = {isa = PBXBuildFile; fileRef = 9A88907615FD2D27005552E8 /* pacman@2x.png */; };
		9A88907915FD2D36005552E8 /* pacman.png in Resources */ = {isa = PBXBuildFile; fileRef = 9A88907815FD2D36005552E8 /* pacman.png */; };
		9A88907D15FD2D88005552E8 /* ProfileViewController.m in Sources */ = {isa = PBXBuildFile; fileRef = 9A88907B15FD2D88005552E8 /* ProfileViewController.m */; };
		9A88908215FE6B28005552E8 /* TimelineViewController.m in Sources */ = {isa = PBXBuildFile; fileRef = 9A88908015FE6B28005552E8 /* TimelineViewController.m */; };
		9A88908515FE6C89005552E8 /* globe.png in Resources */ = {isa = PBXBuildFile; fileRef = 9A88908415FE6C89005552E8 /* globe.png */; };
		9A88908715FE6C95005552E8 /* globe@2x.png in Resources */ = {isa = PBXBuildFile; fileRef = 9A88908615FE6C95005552E8 /* globe@2x.png */; };
		9A88908915FE6DEE005552E8 /* house@2x.png in Resources */ = {isa = PBXBuildFile; fileRef = 9A88908815FE6DEE005552E8 /* house@2x.png */; };
		9A88908B15FE6DFD005552E8 /* house.png in Resources */ = {isa = PBXBuildFile; fileRef = 9A88908A15FE6DFD005552E8 /* house.png */; };
		9A88908F15FE6E96005552E8 /* DiscoverViewController.m in Sources */ = {isa = PBXBuildFile; fileRef = 9A88908D15FE6E96005552E8 /* DiscoverViewController.m */; };
		9A88909215FE6F65005552E8 /* letter_closed@2x.png in Resources */ = {isa = PBXBuildFile; fileRef = 9A88909115FE6F65005552E8 /* letter_closed@2x.png */; };
		9A88909415FE6F6F005552E8 /* letter_closed.png in Resources */ = {isa = PBXBuildFile; fileRef = 9A88909315FE6F6F005552E8 /* letter_closed.png */; };
		9A88909815FE6FC9005552E8 /* ConnectViewController.m in Sources */ = {isa = PBXBuildFile; fileRef = 9A88909615FE6FC9005552E8 /* ConnectViewController.m */; };
		9A88909915FE6FC9005552E8 /* ConnectViewController.xib in Resources */ = {isa = PBXBuildFile; fileRef = 9A88909715FE6FC9005552E8 /* ConnectViewController.xib */; };
		9A88909B15FE7114005552E8 /* speaker@2x.png in Resources */ = {isa = PBXBuildFile; fileRef = 9A88909A15FE7114005552E8 /* speaker@2x.png */; };
		9A88909D15FE7124005552E8 /* speaker.png in Resources */ = {isa = PBXBuildFile; fileRef = 9A88909C15FE7124005552E8 /* speaker.png */; };
		9A8890A115FE914E005552E8 /* SearchDiscoverViewController.m in Sources */ = {isa = PBXBuildFile; fileRef = 9A88909F15FE914D005552E8 /* SearchDiscoverViewController.m */; };
		9A8890A615FE915C005552E8 /* SearchConnectViewController.m in Sources */ = {isa = PBXBuildFile; fileRef = 9A8890A415FE915B005552E8 /* SearchConnectViewController.m */; };
		9A8890A715FE915C005552E8 /* SearchConnectViewController.xib in Resources */ = {isa = PBXBuildFile; fileRef = 9A8890A515FE915B005552E8 /* SearchConnectViewController.xib */; };
		9A8890AC15FEA443005552E8 /* RecordMetaDataViewController.m in Sources */ = {isa = PBXBuildFile; fileRef = 9A8890AA15FEA443005552E8 /* RecordMetaDataViewController.m */; };
		9A8890AD15FEA443005552E8 /* RecordMetaDataViewController.xib in Resources */ = {isa = PBXBuildFile; fileRef = 9A8890AB15FEA443005552E8 /* RecordMetaDataViewController.xib */; };
		9A9E41C615FA7C960013E24D /* UIKit.framework in Frameworks */ = {isa = PBXBuildFile; fileRef = 9A9E41C515FA7C960013E24D /* UIKit.framework */; };
		9A9E41C815FA7C960013E24D /* Foundation.framework in Frameworks */ = {isa = PBXBuildFile; fileRef = 9A9E41C715FA7C960013E24D /* Foundation.framework */; };
		9A9E41CA15FA7C960013E24D /* CoreGraphics.framework in Frameworks */ = {isa = PBXBuildFile; fileRef = 9A9E41C915FA7C960013E24D /* CoreGraphics.framework */; };
		9A9E41D015FA7C960013E24D /* InfoPlist.strings in Resources */ = {isa = PBXBuildFile; fileRef = 9A9E41CE15FA7C960013E24D /* InfoPlist.strings */; };
		9A9E41D215FA7C960013E24D /* main.m in Sources */ = {isa = PBXBuildFile; fileRef = 9A9E41D115FA7C960013E24D /* main.m */; };
		9A9E41D615FA7C960013E24D /* AppDelegate.m in Sources */ = {isa = PBXBuildFile; fileRef = 9A9E41D515FA7C960013E24D /* AppDelegate.m */; };
		9A9E41E915FA81D60013E24D /* AVFoundation.framework in Frameworks */ = {isa = PBXBuildFile; fileRef = 9A9E41DF15FA81D60013E24D /* AVFoundation.framework */; };
		9A9E41EA15FA81D60013E24D /* CFNetwork.framework in Frameworks */ = {isa = PBXBuildFile; fileRef = 9A9E41E015FA81D60013E24D /* CFNetwork.framework */; };
		9A9E41EB15FA81D60013E24D /* libsqlite3.dylib in Frameworks */ = {isa = PBXBuildFile; fileRef = 9A9E41E115FA81D60013E24D /* libsqlite3.dylib */; };
		9A9E41EC15FA81D60013E24D /* libz.1.1.3.dylib in Frameworks */ = {isa = PBXBuildFile; fileRef = 9A9E41E215FA81D60013E24D /* libz.1.1.3.dylib */; };
		9A9E41ED15FA81D60013E24D /* MobileCoreServices.framework in Frameworks */ = {isa = PBXBuildFile; fileRef = 9A9E41E315FA81D60013E24D /* MobileCoreServices.framework */; };
		9A9E41EE15FA81D60013E24D /* QuartzCore.framework in Frameworks */ = {isa = PBXBuildFile; fileRef = 9A9E41E415FA81D60013E24D /* QuartzCore.framework */; };
		9A9E41EF15FA81D60013E24D /* Security.framework in Frameworks */ = {isa = PBXBuildFile; fileRef = 9A9E41E515FA81D60013E24D /* Security.framework */; };
		9A9E41F015FA81D60013E24D /* StoreKit.framework in Frameworks */ = {isa = PBXBuildFile; fileRef = 9A9E41E615FA81D60013E24D /* StoreKit.framework */; };
		9A9E41F115FA81D60013E24D /* SystemConfiguration.framework in Frameworks */ = {isa = PBXBuildFile; fileRef = 9A9E41E715FA81D60013E24D /* SystemConfiguration.framework */; };
		9AABD842160BDD3600B10677 /* ProfileBroadcastsViewController.m in Sources */ = {isa = PBXBuildFile; fileRef = 9AABD841160BDD3600B10677 /* ProfileBroadcastsViewController.m */; };
		9AB612B11602715800ACA478 /* AudioCell.m in Sources */ = {isa = PBXBuildFile; fileRef = 9AB612B01602715800ACA478 /* AudioCell.m */; };
		9AEAE6871601346B009DD14F /* SignupViewController.m in Sources */ = {isa = PBXBuildFile; fileRef = 9AEAE6861601346B009DD14F /* SignupViewController.m */; };
/* End PBXBuildFile section */

/* Begin PBXFileReference section */
		9A11E0E915FAD500009615DC /* dustBG.png */ = {isa = PBXFileReference; lastKnownFileType = image.png; path = dustBG.png; sourceTree = "<group>"; };
		9A11E0EB15FAD53E009615DC /* pulseSplash.png */ = {isa = PBXFileReference; lastKnownFileType = image.png; path = pulseSplash.png; sourceTree = "<group>"; };
		9A11E0ED15FADF85009615DC /* shatteredBG.png */ = {isa = PBXFileReference; lastKnownFileType = image.png; path = shatteredBG.png; sourceTree = "<group>"; };
		9A11E0EF15FB0AF2009615DC /* TabViewController.h */ = {isa = PBXFileReference; fileEncoding = 4; lastKnownFileType = sourcecode.c.h; path = TabViewController.h; sourceTree = "<group>"; };
		9A11E0F015FB0AF2009615DC /* TabViewController.m */ = {isa = PBXFileReference; fileEncoding = 4; lastKnownFileType = sourcecode.c.objc; path = TabViewController.m; sourceTree = "<group>"; };
		9A16072C1612546D002E8DD7 /* Default-568h@2x.png */ = {isa = PBXFileReference; lastKnownFileType = image.png; path = "Default-568h@2x.png"; sourceTree = "<group>"; };
		9A16072F1612555D002E8DD7 /* Parse.framework */ = {isa = PBXFileReference; lastKnownFileType = wrapper.framework; path = Parse.framework; sourceTree = "<group>"; };
		9A1607311612672D002E8DD7 /* LoginViewController.h */ = {isa = PBXFileReference; fileEncoding = 4; lastKnownFileType = sourcecode.c.h; path = LoginViewController.h; sourceTree = "<group>"; };
		9A1607321612672D002E8DD7 /* LoginViewController.m */ = {isa = PBXFileReference; fileEncoding = 4; lastKnownFileType = sourcecode.c.objc; path = LoginViewController.m; sourceTree = "<group>"; };
		9A16073716127638002E8DD7 /* RecordingViewController.h */ = {isa = PBXFileReference; fileEncoding = 4; lastKnownFileType = sourcecode.c.h; name = RecordingViewController.h; path = push/RecordingViewController.h; sourceTree = "<group>"; };
		9A16073816127638002E8DD7 /* RecordingViewController.m */ = {isa = PBXFileReference; fileEncoding = 4; lastKnownFileType = sourcecode.c.objc; name = RecordingViewController.m; path = push/RecordingViewController.m; sourceTree = "<group>"; };
		9A2F778915FFCFCF004E0D1E /* noisy_grid@2X.png */ = {isa = PBXFileReference; lastKnownFileType = image.png; path = "noisy_grid@2X.png"; sourceTree = "<group>"; };
		9A2F778A15FFCFCF004E0D1E /* noisy_grid.png */ = {isa = PBXFileReference; lastKnownFileType = image.png; path = noisy_grid.png; sourceTree = "<group>"; };
		9A2F778E15FFF44B004E0D1E /* SearchDiscoveryResultsViewController.h */ = {isa = PBXFileReference; fileEncoding = 4; lastKnownFileType = sourcecode.c.h; name = SearchDiscoveryResultsViewController.h; path = push/SearchDiscoveryResultsViewController.h; sourceTree = "<group>"; };
		9A2F778F15FFF44B004E0D1E /* SearchDiscoveryResultsViewController.m */ = {isa = PBXFileReference; fileEncoding = 4; lastKnownFileType = sourcecode.c.objc; name = SearchDiscoveryResultsViewController.m; path = push/SearchDiscoveryResultsViewController.m; sourceTree = "<group>"; };
		9A87B2C9160A532500B86843 /* PulseStore.h */ = {isa = PBXFileReference; fileEncoding = 4; lastKnownFileType = sourcecode.c.h; name = PulseStore.h; path = push/PulseStore.h; sourceTree = "<group>"; };
		9A87B2CA160A532500B86843 /* PulseStore.m */ = {isa = PBXFileReference; fileEncoding = 4; lastKnownFileType = sourcecode.c.objc; name = PulseStore.m; path = push/PulseStore.m; sourceTree = "<group>"; };
		9A87B2CC160A994700B86843 /* DiscoverTableViewController.h */ = {isa = PBXFileReference; fileEncoding = 4; lastKnownFileType = sourcecode.c.h; name = DiscoverTableViewController.h; path = push/DiscoverTableViewController.h; sourceTree = "<group>"; };
		9A87B2CD160A994700B86843 /* DiscoverTableViewController.m */ = {isa = PBXFileReference; fileEncoding = 4; lastKnownFileType = sourcecode.c.objc; name = DiscoverTableViewController.m; path = push/DiscoverTableViewController.m; sourceTree = "<group>"; };
		9A88906E15FD2C96005552E8 /* cog_02@2x.png */ = {isa = PBXFileReference; lastKnownFileType = image.png; path = "cog_02@2x.png"; sourceTree = "<group>"; };
		9A88907015FD2C9F005552E8 /* cog_02.png */ = {isa = PBXFileReference; lastKnownFileType = image.png; path = cog_02.png; sourceTree = "<group>"; };
		9A88907215FD2CA8005552E8 /* record.png */ = {isa = PBXFileReference; lastKnownFileType = image.png; path = record.png; sourceTree = "<group>"; };
		9A88907415FD2CB6005552E8 /* record@2x.png */ = {isa = PBXFileReference; lastKnownFileType = image.png; path = "record@2x.png"; sourceTree = "<group>"; };
		9A88907615FD2D27005552E8 /* pacman@2x.png */ = {isa = PBXFileReference; lastKnownFileType = image.png; path = "pacman@2x.png"; sourceTree = "<group>"; };
		9A88907815FD2D36005552E8 /* pacman.png */ = {isa = PBXFileReference; lastKnownFileType = image.png; path = pacman.png; sourceTree = "<group>"; };
		9A88907A15FD2D88005552E8 /* ProfileViewController.h */ = {isa = PBXFileReference; fileEncoding = 4; lastKnownFileType = sourcecode.c.h; name = ProfileViewController.h; path = push/ProfileViewController.h; sourceTree = "<group>"; };
		9A88907B15FD2D88005552E8 /* ProfileViewController.m */ = {isa = PBXFileReference; fileEncoding = 4; lastKnownFileType = sourcecode.c.objc; name = ProfileViewController.m; path = push/ProfileViewController.m; sourceTree = "<group>"; };
		9A88907F15FE6B28005552E8 /* TimelineViewController.h */ = {isa = PBXFileReference; fileEncoding = 4; lastKnownFileType = sourcecode.c.h; name = TimelineViewController.h; path = push/TimelineViewController.h; sourceTree = "<group>"; };
		9A88908015FE6B28005552E8 /* TimelineViewController.m */ = {isa = PBXFileReference; fileEncoding = 4; lastKnownFileType = sourcecode.c.objc; name = TimelineViewController.m; path = push/TimelineViewController.m; sourceTree = "<group>"; };
		9A88908415FE6C89005552E8 /* globe.png */ = {isa = PBXFileReference; lastKnownFileType = image.png; path = globe.png; sourceTree = "<group>"; };
		9A88908615FE6C95005552E8 /* globe@2x.png */ = {isa = PBXFileReference; lastKnownFileType = image.png; path = "globe@2x.png"; sourceTree = "<group>"; };
		9A88908815FE6DEE005552E8 /* house@2x.png */ = {isa = PBXFileReference; lastKnownFileType = image.png; path = "house@2x.png"; sourceTree = "<group>"; };
		9A88908A15FE6DFD005552E8 /* house.png */ = {isa = PBXFileReference; lastKnownFileType = image.png; path = house.png; sourceTree = "<group>"; };
		9A88908C15FE6E96005552E8 /* DiscoverViewController.h */ = {isa = PBXFileReference; fileEncoding = 4; lastKnownFileType = sourcecode.c.h; name = DiscoverViewController.h; path = push/DiscoverViewController.h; sourceTree = "<group>"; };
		9A88908D15FE6E96005552E8 /* DiscoverViewController.m */ = {isa = PBXFileReference; fileEncoding = 4; lastKnownFileType = sourcecode.c.objc; name = DiscoverViewController.m; path = push/DiscoverViewController.m; sourceTree = "<group>"; };
		9A88909115FE6F65005552E8 /* letter_closed@2x.png */ = {isa = PBXFileReference; lastKnownFileType = image.png; path = "letter_closed@2x.png"; sourceTree = "<group>"; };
		9A88909315FE6F6F005552E8 /* letter_closed.png */ = {isa = PBXFileReference; lastKnownFileType = image.png; path = letter_closed.png; sourceTree = "<group>"; };
		9A88909515FE6FC9005552E8 /* ConnectViewController.h */ = {isa = PBXFileReference; fileEncoding = 4; lastKnownFileType = sourcecode.c.h; name = ConnectViewController.h; path = push/ConnectViewController.h; sourceTree = "<group>"; };
		9A88909615FE6FC9005552E8 /* ConnectViewController.m */ = {isa = PBXFileReference; fileEncoding = 4; lastKnownFileType = sourcecode.c.objc; name = ConnectViewController.m; path = push/ConnectViewController.m; sourceTree = "<group>"; };
		9A88909715FE6FC9005552E8 /* ConnectViewController.xib */ = {isa = PBXFileReference; fileEncoding = 4; lastKnownFileType = file.xib; name = ConnectViewController.xib; path = push/ConnectViewController.xib; sourceTree = "<group>"; };
		9A88909A15FE7114005552E8 /* speaker@2x.png */ = {isa = PBXFileReference; lastKnownFileType = image.png; path = "speaker@2x.png"; sourceTree = "<group>"; };
		9A88909C15FE7124005552E8 /* speaker.png */ = {isa = PBXFileReference; lastKnownFileType = image.png; path = speaker.png; sourceTree = "<group>"; };
		9A88909E15FE914D005552E8 /* SearchDiscoverViewController.h */ = {isa = PBXFileReference; fileEncoding = 4; lastKnownFileType = sourcecode.c.h; name = SearchDiscoverViewController.h; path = push/SearchDiscoverViewController.h; sourceTree = "<group>"; };
		9A88909F15FE914D005552E8 /* SearchDiscoverViewController.m */ = {isa = PBXFileReference; fileEncoding = 4; lastKnownFileType = sourcecode.c.objc; name = SearchDiscoverViewController.m; path = push/SearchDiscoverViewController.m; sourceTree = "<group>"; };
		9A8890A315FE915B005552E8 /* SearchConnectViewController.h */ = {isa = PBXFileReference; fileEncoding = 4; lastKnownFileType = sourcecode.c.h; name = SearchConnectViewController.h; path = push/SearchConnectViewController.h; sourceTree = "<group>"; };
		9A8890A415FE915B005552E8 /* SearchConnectViewController.m */ = {isa = PBXFileReference; fileEncoding = 4; lastKnownFileType = sourcecode.c.objc; name = SearchConnectViewController.m; path = push/SearchConnectViewController.m; sourceTree = "<group>"; };
		9A8890A515FE915B005552E8 /* SearchConnectViewController.xib */ = {isa = PBXFileReference; fileEncoding = 4; lastKnownFileType = file.xib; name = SearchConnectViewController.xib; path = push/SearchConnectViewController.xib; sourceTree = "<group>"; };
		9A8890A915FEA442005552E8 /* RecordMetaDataViewController.h */ = {isa = PBXFileReference; fileEncoding = 4; lastKnownFileType = sourcecode.c.h; name = RecordMetaDataViewController.h; path = push/RecordMetaDataViewController.h; sourceTree = "<group>"; };
		9A8890AA15FEA443005552E8 /* RecordMetaDataViewController.m */ = {isa = PBXFileReference; fileEncoding = 4; lastKnownFileType = sourcecode.c.objc; name = RecordMetaDataViewController.m; path = push/RecordMetaDataViewController.m; sourceTree = "<group>"; };
		9A8890AB15FEA443005552E8 /* RecordMetaDataViewController.xib */ = {isa = PBXFileReference; fileEncoding = 4; lastKnownFileType = file.xib; name = RecordMetaDataViewController.xib; path = push/RecordMetaDataViewController.xib; sourceTree = "<group>"; };
		9A9E41C115FA7C960013E24D /* push.app */ = {isa = PBXFileReference; explicitFileType = wrapper.application; includeInIndex = 0; path = push.app; sourceTree = BUILT_PRODUCTS_DIR; };
		9A9E41C515FA7C960013E24D /* UIKit.framework */ = {isa = PBXFileReference; lastKnownFileType = wrapper.framework; name = UIKit.framework; path = System/Library/Frameworks/UIKit.framework; sourceTree = SDKROOT; };
		9A9E41C715FA7C960013E24D /* Foundation.framework */ = {isa = PBXFileReference; lastKnownFileType = wrapper.framework; name = Foundation.framework; path = System/Library/Frameworks/Foundation.framework; sourceTree = SDKROOT; };
		9A9E41C915FA7C960013E24D /* CoreGraphics.framework */ = {isa = PBXFileReference; lastKnownFileType = wrapper.framework; name = CoreGraphics.framework; path = System/Library/Frameworks/CoreGraphics.framework; sourceTree = SDKROOT; };
		9A9E41CD15FA7C960013E24D /* push-Info.plist */ = {isa = PBXFileReference; lastKnownFileType = text.plist.xml; path = "push-Info.plist"; sourceTree = "<group>"; };
		9A9E41CF15FA7C960013E24D /* en */ = {isa = PBXFileReference; lastKnownFileType = text.plist.strings; name = en; path = en.lproj/InfoPlist.strings; sourceTree = "<group>"; };
		9A9E41D115FA7C960013E24D /* main.m */ = {isa = PBXFileReference; lastKnownFileType = sourcecode.c.objc; path = main.m; sourceTree = "<group>"; };
		9A9E41D315FA7C960013E24D /* push-Prefix.pch */ = {isa = PBXFileReference; lastKnownFileType = sourcecode.c.h; path = "push-Prefix.pch"; sourceTree = "<group>"; };
		9A9E41D415FA7C960013E24D /* AppDelegate.h */ = {isa = PBXFileReference; lastKnownFileType = sourcecode.c.h; path = AppDelegate.h; sourceTree = "<group>"; };
		9A9E41D515FA7C960013E24D /* AppDelegate.m */ = {isa = PBXFileReference; lastKnownFileType = sourcecode.c.objc; path = AppDelegate.m; sourceTree = "<group>"; };
		9A9E41DE15FA81D60013E24D /* AudioToolbox.framework */ = {isa = PBXFileReference; lastKnownFileType = wrapper.framework; name = AudioToolbox.framework; path = System/Library/Frameworks/AudioToolbox.framework; sourceTree = SDKROOT; };
		9A9E41DF15FA81D60013E24D /* AVFoundation.framework */ = {isa = PBXFileReference; lastKnownFileType = wrapper.framework; name = AVFoundation.framework; path = System/Library/Frameworks/AVFoundation.framework; sourceTree = SDKROOT; };
		9A9E41E015FA81D60013E24D /* CFNetwork.framework */ = {isa = PBXFileReference; lastKnownFileType = wrapper.framework; name = CFNetwork.framework; path = System/Library/Frameworks/CFNetwork.framework; sourceTree = SDKROOT; };
		9A9E41E115FA81D60013E24D /* libsqlite3.dylib */ = {isa = PBXFileReference; lastKnownFileType = "compiled.mach-o.dylib"; name = libsqlite3.dylib; path = usr/lib/libsqlite3.dylib; sourceTree = SDKROOT; };
		9A9E41E215FA81D60013E24D /* libz.1.1.3.dylib */ = {isa = PBXFileReference; lastKnownFileType = "compiled.mach-o.dylib"; name = libz.1.1.3.dylib; path = usr/lib/libz.1.1.3.dylib; sourceTree = SDKROOT; };
		9A9E41E315FA81D60013E24D /* MobileCoreServices.framework */ = {isa = PBXFileReference; lastKnownFileType = wrapper.framework; name = MobileCoreServices.framework; path = System/Library/Frameworks/MobileCoreServices.framework; sourceTree = SDKROOT; };
		9A9E41E415FA81D60013E24D /* QuartzCore.framework */ = {isa = PBXFileReference; lastKnownFileType = wrapper.framework; name = QuartzCore.framework; path = System/Library/Frameworks/QuartzCore.framework; sourceTree = SDKROOT; };
		9A9E41E515FA81D60013E24D /* Security.framework */ = {isa = PBXFileReference; lastKnownFileType = wrapper.framework; name = Security.framework; path = System/Library/Frameworks/Security.framework; sourceTree = SDKROOT; };
		9A9E41E615FA81D60013E24D /* StoreKit.framework */ = {isa = PBXFileReference; lastKnownFileType = wrapper.framework; name = StoreKit.framework; path = System/Library/Frameworks/StoreKit.framework; sourceTree = SDKROOT; };
		9A9E41E715FA81D60013E24D /* SystemConfiguration.framework */ = {isa = PBXFileReference; lastKnownFileType = wrapper.framework; name = SystemConfiguration.framework; path = System/Library/Frameworks/SystemConfiguration.framework; sourceTree = SDKROOT; };
		9AABD840160BDD3600B10677 /* ProfileBroadcastsViewController.h */ = {isa = PBXFileReference; fileEncoding = 4; lastKnownFileType = sourcecode.c.h; name = ProfileBroadcastsViewController.h; path = push/ProfileBroadcastsViewController.h; sourceTree = "<group>"; };
		9AABD841160BDD3600B10677 /* ProfileBroadcastsViewController.m */ = {isa = PBXFileReference; fileEncoding = 4; lastKnownFileType = sourcecode.c.objc; name = ProfileBroadcastsViewController.m; path = push/ProfileBroadcastsViewController.m; sourceTree = "<group>"; };
		9AB612AF1602715800ACA478 /* AudioCell.h */ = {isa = PBXFileReference; fileEncoding = 4; lastKnownFileType = sourcecode.c.h; name = AudioCell.h; path = push/AudioCell.h; sourceTree = "<group>"; };
		9AB612B01602715800ACA478 /* AudioCell.m */ = {isa = PBXFileReference; fileEncoding = 4; lastKnownFileType = sourcecode.c.objc; name = AudioCell.m; path = push/AudioCell.m; sourceTree = "<group>"; };
		9AEAE6851601346B009DD14F /* SignupViewController.h */ = {isa = PBXFileReference; fileEncoding = 4; lastKnownFileType = sourcecode.c.h; path = SignupViewController.h; sourceTree = "<group>"; };
		9AEAE6861601346B009DD14F /* SignupViewController.m */ = {isa = PBXFileReference; fileEncoding = 4; lastKnownFileType = sourcecode.c.objc; path = SignupViewController.m; sourceTree = "<group>"; };
/* End PBXFileReference section */

/* Begin PBXFrameworksBuildPhase section */
		9A9E41BE15FA7C960013E24D /* Frameworks */ = {
			isa = PBXFrameworksBuildPhase;
			buildActionMask = 2147483647;
			files = (
				9A9E41CA15FA7C960013E24D /* CoreGraphics.framework in Frameworks */,
				9A87B2C1160A4E2500B86843 /* AudioToolbox.framework in Frameworks */,
				9A9E41E915FA81D60013E24D /* AVFoundation.framework in Frameworks */,
				9A9E41EA15FA81D60013E24D /* CFNetwork.framework in Frameworks */,
				9A9E41EB15FA81D60013E24D /* libsqlite3.dylib in Frameworks */,
				9A9E41EC15FA81D60013E24D /* libz.1.1.3.dylib in Frameworks */,
				9A9E41ED15FA81D60013E24D /* MobileCoreServices.framework in Frameworks */,
				9A9E41EE15FA81D60013E24D /* QuartzCore.framework in Frameworks */,
				9A9E41EF15FA81D60013E24D /* Security.framework in Frameworks */,
				9A9E41F015FA81D60013E24D /* StoreKit.framework in Frameworks */,
				9A9E41F115FA81D60013E24D /* SystemConfiguration.framework in Frameworks */,
				9A9E41C615FA7C960013E24D /* UIKit.framework in Frameworks */,
				9A9E41C815FA7C960013E24D /* Foundation.framework in Frameworks */,
				9A1607301612555D002E8DD7 /* Parse.framework in Frameworks */,
			);
			runOnlyForDeploymentPostprocessing = 0;
		};
/* End PBXFrameworksBuildPhase section */

/* Begin PBXGroup section */
		9A87B2CF160AC57B00B86843 /* discoveryTab */ = {
			isa = PBXGroup;
			children = (
				9A88908C15FE6E96005552E8 /* DiscoverViewController.h */,
				9A88908D15FE6E96005552E8 /* DiscoverViewController.m */,
				9A87B2CC160A994700B86843 /* DiscoverTableViewController.h */,
				9A87B2CD160A994700B86843 /* DiscoverTableViewController.m */,
				9A88909E15FE914D005552E8 /* SearchDiscoverViewController.h */,
				9A88909F15FE914D005552E8 /* SearchDiscoverViewController.m */,
				9A2F778E15FFF44B004E0D1E /* SearchDiscoveryResultsViewController.h */,
				9A2F778F15FFF44B004E0D1E /* SearchDiscoveryResultsViewController.m */,
			);
			name = discoveryTab;
			sourceTree = "<group>";
		};
		9A87B2D0160AC58C00B86843 /* connectTab */ = {
			isa = PBXGroup;
			children = (
				9A88909515FE6FC9005552E8 /* ConnectViewController.h */,
				9A88909615FE6FC9005552E8 /* ConnectViewController.m */,
				9A88909715FE6FC9005552E8 /* ConnectViewController.xib */,
				9A8890A315FE915B005552E8 /* SearchConnectViewController.h */,
				9A8890A415FE915B005552E8 /* SearchConnectViewController.m */,
				9A8890A515FE915B005552E8 /* SearchConnectViewController.xib */,
			);
			name = connectTab;
			sourceTree = "<group>";
		};
		9A87B2D1160AC5D000B86843 /* profileTab */ = {
			isa = PBXGroup;
			children = (
				9A88907A15FD2D88005552E8 /* ProfileViewController.h */,
				9A88907B15FD2D88005552E8 /* ProfileViewController.m */,
				9AABD840160BDD3600B10677 /* ProfileBroadcastsViewController.h */,
				9AABD841160BDD3600B10677 /* ProfileBroadcastsViewController.m */,
			);
			name = profileTab;
			sourceTree = "<group>";
		};
		9A87B2D2160AC5D900B86843 /* timelineTab */ = {
			isa = PBXGroup;
			children = (
				9A88907F15FE6B28005552E8 /* TimelineViewController.h */,
				9A88908015FE6B28005552E8 /* TimelineViewController.m */,
			);
			name = timelineTab;
			sourceTree = "<group>";
		};
		9A8890A815FE9165005552E8 /* search */ = {
			isa = PBXGroup;
			children = (
			);
			name = search;
			sourceTree = "<group>";
		};
		9A8890AE15FEA448005552E8 /* record */ = {
			isa = PBXGroup;
			children = (
				9A16073716127638002E8DD7 /* RecordingViewController.h */,
				9A16073816127638002E8DD7 /* RecordingViewController.m */,
				9A8890A915FEA442005552E8 /* RecordMetaDataViewController.h */,
				9A8890AA15FEA443005552E8 /* RecordMetaDataViewController.m */,
				9A8890AB15FEA443005552E8 /* RecordMetaDataViewController.xib */,
			);
			name = record;
			sourceTree = "<group>";
		};
		9A9E41B615FA7C960013E24D = {
			isa = PBXGroup;
			children = (
				9A16072C1612546D002E8DD7 /* Default-568h@2x.png */,
				9A87B2C9160A532500B86843 /* PulseStore.h */,
				9A87B2CA160A532500B86843 /* PulseStore.m */,
				9AB612AF1602715800ACA478 /* AudioCell.h */,
				9AB612B01602715800ACA478 /* AudioCell.m */,
				9A8890AE15FEA448005552E8 /* record */,
				9AB612DC16028AEE00ACA478 /* tabs */,
				9A8890A815FE9165005552E8 /* search */,
				9A9E41CB15FA7C960013E24D /* push */,
				9A9E41C415FA7C960013E24D /* Frameworks */,
				9A9E41C215FA7C960013E24D /* Products */,
			);
			sourceTree = "<group>";
		};
		9A9E41C215FA7C960013E24D /* Products */ = {
			isa = PBXGroup;
			children = (
				9A9E41C115FA7C960013E24D /* push.app */,
			);
			name = Products;
			sourceTree = "<group>";
		};
		9A9E41C415FA7C960013E24D /* Frameworks */ = {
			isa = PBXGroup;
			children = (
				9A16072F1612555D002E8DD7 /* Parse.framework */,
				9A9E41DE15FA81D60013E24D /* AudioToolbox.framework */,
				9A9E41DF15FA81D60013E24D /* AVFoundation.framework */,
				9A9E41E015FA81D60013E24D /* CFNetwork.framework */,
				9A9E41E115FA81D60013E24D /* libsqlite3.dylib */,
				9A9E41E215FA81D60013E24D /* libz.1.1.3.dylib */,
				9A9E41E315FA81D60013E24D /* MobileCoreServices.framework */,
				9A9E41E415FA81D60013E24D /* QuartzCore.framework */,
				9A9E41E515FA81D60013E24D /* Security.framework */,
				9A9E41E615FA81D60013E24D /* StoreKit.framework */,
				9A9E41E715FA81D60013E24D /* SystemConfiguration.framework */,
				9A9E41C515FA7C960013E24D /* UIKit.framework */,
				9A9E41C715FA7C960013E24D /* Foundation.framework */,
				9A9E41C915FA7C960013E24D /* CoreGraphics.framework */,
			);
			name = Frameworks;
			sourceTree = "<group>";
		};
		9A9E41CB15FA7C960013E24D /* push */ = {
			isa = PBXGroup;
			children = (
				9A9E41D415FA7C960013E24D /* AppDelegate.h */,
				9A9E41D515FA7C960013E24D /* AppDelegate.m */,
				9A9E41FA15FA9EB80013E24D /* login */,
				9A11E0EF15FB0AF2009615DC /* TabViewController.h */,
				9A11E0F015FB0AF2009615DC /* TabViewController.m */,
				9A9E41CC15FA7C960013E24D /* Supporting Files */,
			);
			path = push;
			sourceTree = "<group>";
		};
		9A9E41CC15FA7C960013E24D /* Supporting Files */ = {
			isa = PBXGroup;
			children = (
				9A2F778915FFCFCF004E0D1E /* noisy_grid@2X.png */,
				9A2F778A15FFCFCF004E0D1E /* noisy_grid.png */,
				9A88909C15FE7124005552E8 /* speaker.png */,
				9A88909A15FE7114005552E8 /* speaker@2x.png */,
				9A88909315FE6F6F005552E8 /* letter_closed.png */,
				9A88909115FE6F65005552E8 /* letter_closed@2x.png */,
				9A88908A15FE6DFD005552E8 /* house.png */,
				9A88908815FE6DEE005552E8 /* house@2x.png */,
				9A88908415FE6C89005552E8 /* globe.png */,
				9A88908615FE6C95005552E8 /* globe@2x.png */,
				9A88907815FD2D36005552E8 /* pacman.png */,
				9A88907615FD2D27005552E8 /* pacman@2x.png */,
				9A88907215FD2CA8005552E8 /* record.png */,
				9A88907415FD2CB6005552E8 /* record@2x.png */,
				9A88906E15FD2C96005552E8 /* cog_02@2x.png */,
				9A88907015FD2C9F005552E8 /* cog_02.png */,
				9A11E0EB15FAD53E009615DC /* pulseSplash.png */,
				9A11E0ED15FADF85009615DC /* shatteredBG.png */,
				9A11E0E915FAD500009615DC /* dustBG.png */,
				9A9E41CD15FA7C960013E24D /* push-Info.plist */,
				9A9E41CE15FA7C960013E24D /* InfoPlist.strings */,
				9A9E41D115FA7C960013E24D /* main.m */,
				9A9E41D315FA7C960013E24D /* push-Prefix.pch */,
			);
			name = "Supporting Files";
			sourceTree = "<group>";
		};
		9A9E41FA15FA9EB80013E24D /* login */ = {
			isa = PBXGroup;
			children = (
				9A1607311612672D002E8DD7 /* LoginViewController.h */,
				9A1607321612672D002E8DD7 /* LoginViewController.m */,
				9AEAE6851601346B009DD14F /* SignupViewController.h */,
				9AEAE6861601346B009DD14F /* SignupViewController.m */,
			);
			name = login;
			sourceTree = "<group>";
		};
		9AB612DC16028AEE00ACA478 /* tabs */ = {
			isa = PBXGroup;
			children = (
				9A87B2D2160AC5D900B86843 /* timelineTab */,
				9A87B2D0160AC58C00B86843 /* connectTab */,
				9A87B2CF160AC57B00B86843 /* discoveryTab */,
				9A87B2D1160AC5D000B86843 /* profileTab */,
			);
			name = tabs;
			sourceTree = "<group>";
		};
/* End PBXGroup section */

/* Begin PBXNativeTarget section */
		9A9E41C015FA7C960013E24D /* push */ = {
			isa = PBXNativeTarget;
			buildConfigurationList = 9A9E41D915FA7C960013E24D /* Build configuration list for PBXNativeTarget "push" */;
			buildPhases = (
				9A9E41BD15FA7C960013E24D /* Sources */,
				9A9E41BE15FA7C960013E24D /* Frameworks */,
				9A9E41BF15FA7C960013E24D /* Resources */,
			);
			buildRules = (
			);
			dependencies = (
			);
			name = push;
			productName = push;
			productReference = 9A9E41C115FA7C960013E24D /* push.app */;
			productType = "com.apple.product-type.application";
		};
/* End PBXNativeTarget section */

/* Begin PBXProject section */
		9A9E41B815FA7C960013E24D /* Project object */ = {
			isa = PBXProject;
			attributes = {
				LastUpgradeCheck = 0440;
				ORGANIZATIONNAME = HugoMelo;
			};
			buildConfigurationList = 9A9E41BB15FA7C960013E24D /* Build configuration list for PBXProject "push" */;
			compatibilityVersion = "Xcode 3.2";
			developmentRegion = English;
			hasScannedForEncodings = 0;
			knownRegions = (
				en,
			);
			mainGroup = 9A9E41B615FA7C960013E24D;
			productRefGroup = 9A9E41C215FA7C960013E24D /* Products */;
			projectDirPath = "";
			projectRoot = "";
			targets = (
				9A9E41C015FA7C960013E24D /* push */,
			);
		};
/* End PBXProject section */

/* Begin PBXResourcesBuildPhase section */
		9A9E41BF15FA7C960013E24D /* Resources */ = {
			isa = PBXResourcesBuildPhase;
			buildActionMask = 2147483647;
			files = (
				9A9E41D015FA7C960013E24D /* InfoPlist.strings in Resources */,
				9A11E0EA15FAD500009615DC /* dustBG.png in Resources */,
				9A11E0EC15FAD53E009615DC /* pulseSplash.png in Resources */,
				9A11E0EE15FADF85009615DC /* shatteredBG.png in Resources */,
				9A88906F15FD2C96005552E8 /* cog_02@2x.png in Resources */,
				9A88907115FD2C9F005552E8 /* cog_02.png in Resources */,
				9A88907315FD2CA8005552E8 /* record.png in Resources */,
				9A88907515FD2CB6005552E8 /* record@2x.png in Resources */,
				9A88907715FD2D27005552E8 /* pacman@2x.png in Resources */,
				9A88907915FD2D36005552E8 /* pacman.png in Resources */,
				9A88908515FE6C89005552E8 /* globe.png in Resources */,
				9A88908715FE6C95005552E8 /* globe@2x.png in Resources */,
				9A88908915FE6DEE005552E8 /* house@2x.png in Resources */,
				9A88908B15FE6DFD005552E8 /* house.png in Resources */,
				9A88909215FE6F65005552E8 /* letter_closed@2x.png in Resources */,
				9A88909415FE6F6F005552E8 /* letter_closed.png in Resources */,
				9A88909915FE6FC9005552E8 /* ConnectViewController.xib in Resources */,
				9A88909B15FE7114005552E8 /* speaker@2x.png in Resources */,
				9A88909D15FE7124005552E8 /* speaker.png in Resources */,
				9A8890A715FE915C005552E8 /* SearchConnectViewController.xib in Resources */,
				9A8890AD15FEA443005552E8 /* RecordMetaDataViewController.xib in Resources */,
				9A2F778B15FFCFCF004E0D1E /* noisy_grid@2X.png in Resources */,
				9A2F778C15FFCFCF004E0D1E /* noisy_grid.png in Resources */,
				9A16072D1612546D002E8DD7 /* Default-568h@2x.png in Resources */,
			);
			runOnlyForDeploymentPostprocessing = 0;
		};
/* End PBXResourcesBuildPhase section */

/* Begin PBXSourcesBuildPhase section */
		9A9E41BD15FA7C960013E24D /* Sources */ = {
			isa = PBXSourcesBuildPhase;
			buildActionMask = 2147483647;
			files = (
				9A9E41D215FA7C960013E24D /* main.m in Sources */,
				9A9E41D615FA7C960013E24D /* AppDelegate.m in Sources */,
				9A11E0F215FB0AF2009615DC /* TabViewController.m in Sources */,
				9A88907D15FD2D88005552E8 /* ProfileViewController.m in Sources */,
				9A88908215FE6B28005552E8 /* TimelineViewController.m in Sources */,
				9A88908F15FE6E96005552E8 /* DiscoverViewController.m in Sources */,
				9A88909815FE6FC9005552E8 /* ConnectViewController.m in Sources */,
				9A8890A115FE914E005552E8 /* SearchDiscoverViewController.m in Sources */,
				9A8890A615FE915C005552E8 /* SearchConnectViewController.m in Sources */,
				9A8890AC15FEA443005552E8 /* RecordMetaDataViewController.m in Sources */,
				9A2F779115FFF44B004E0D1E /* SearchDiscoveryResultsViewController.m in Sources */,
				9AEAE6871601346B009DD14F /* SignupViewController.m in Sources */,
				9AB612B11602715800ACA478 /* AudioCell.m in Sources */,
				9A87B2CB160A532500B86843 /* PulseStore.m in Sources */,
				9A87B2CE160A994700B86843 /* DiscoverTableViewController.m in Sources */,
				9AABD842160BDD3600B10677 /* ProfileBroadcastsViewController.m in Sources */,
				9A1607331612672D002E8DD7 /* LoginViewController.m in Sources */,
				9A16073916127639002E8DD7 /* RecordingViewController.m in Sources */,
			);
			runOnlyForDeploymentPostprocessing = 0;
		};
/* End PBXSourcesBuildPhase section */

/* Begin PBXVariantGroup section */
		9A9E41CE15FA7C960013E24D /* InfoPlist.strings */ = {
			isa = PBXVariantGroup;
			children = (
				9A9E41CF15FA7C960013E24D /* en */,
			);
			name = InfoPlist.strings;
			sourceTree = "<group>";
		};
/* End PBXVariantGroup section */

/* Begin XCBuildConfiguration section */
		9A9E41D715FA7C960013E24D /* Debug */ = {
			isa = XCBuildConfiguration;
			buildSettings = {
				ALWAYS_SEARCH_USER_PATHS = NO;
				ARCHS = "$(ARCHS_STANDARD_32_BIT)";
				CLANG_CXX_LANGUAGE_STANDARD = "gnu++0x";
				CLANG_ENABLE_OBJC_ARC = YES;
				CLANG_WARN__DUPLICATE_METHOD_MATCH = YES;
				CODE_SIGN_IDENTITY = "";
				"CODE_SIGN_IDENTITY[sdk=iphoneos*]" = "iPhone Developer: hugo melo (P4N3F8Y6B4)";
				COPY_PHASE_STRIP = NO;
				GCC_C_LANGUAGE_STANDARD = gnu99;
				GCC_DYNAMIC_NO_PIC = NO;
				GCC_OPTIMIZATION_LEVEL = 0;
				GCC_PREPROCESSOR_DEFINITIONS = (
					"DEBUG=1",
					"$(inherited)",
				);
				GCC_SYMBOLS_PRIVATE_EXTERN = NO;
				GCC_VERSION = com.apple.compilers.llvm.clang.1_0;
				GCC_WARN_ABOUT_RETURN_TYPE = YES;
				GCC_WARN_UNINITIALIZED_AUTOS = YES;
				GCC_WARN_UNUSED_VARIABLE = YES;
				IPHONEOS_DEPLOYMENT_TARGET = 5.1;
				SDKROOT = iphoneos;
			};
			name = Debug;
		};
		9A9E41D815FA7C960013E24D /* Release */ = {
			isa = XCBuildConfiguration;
			buildSettings = {
				ALWAYS_SEARCH_USER_PATHS = NO;
				ARCHS = "$(ARCHS_STANDARD_32_BIT)";
				CLANG_CXX_LANGUAGE_STANDARD = "gnu++0x";
				CLANG_ENABLE_OBJC_ARC = YES;
				CLANG_WARN__DUPLICATE_METHOD_MATCH = YES;
				CODE_SIGN_IDENTITY = "iPhone Distribution: hugo melo";
				"CODE_SIGN_IDENTITY[sdk=iphoneos*]" = "iPhone Distribution: hugo melo";
				COPY_PHASE_STRIP = YES;
				GCC_C_LANGUAGE_STANDARD = gnu99;
				GCC_VERSION = com.apple.compilers.llvm.clang.1_0;
				GCC_WARN_ABOUT_RETURN_TYPE = YES;
				GCC_WARN_UNINITIALIZED_AUTOS = YES;
				GCC_WARN_UNUSED_VARIABLE = YES;
				IPHONEOS_DEPLOYMENT_TARGET = 5.1;
				OTHER_CFLAGS = "-DNS_BLOCK_ASSERTIONS=1";
				PROVISIONING_PROFILE = "AAB1A552-D457-4DC1-96C5-58BBB1F02DE4";
				"PROVISIONING_PROFILE[sdk=iphoneos*]" = "AAB1A552-D457-4DC1-96C5-58BBB1F02DE4";
				SDKROOT = iphoneos;
				VALIDATE_PRODUCT = YES;
			};
			name = Release;
		};
		9A9E41DA15FA7C960013E24D /* Debug */ = {
			isa = XCBuildConfiguration;
			buildSettings = {
				CODE_SIGN_IDENTITY = "iPhone Developer: hugo melo (P4N3F8Y6B4)";
				"CODE_SIGN_IDENTITY[sdk=iphoneos*]" = "iPhone Developer: hugo melo (P4N3F8Y6B4)";
				FRAMEWORK_SEARCH_PATHS = (
					"$(inherited)",
					"\"$(SRCROOT)\"",
				);
				GCC_PRECOMPILE_PREFIX_HEADER = YES;
				GCC_PREFIX_HEADER = "push/push-Prefix.pch";
				INFOPLIST_FILE = "push/push-Info.plist";
				PRODUCT_NAME = "$(TARGET_NAME)";
				PROVISIONING_PROFILE = "C4EC4846-0D3A-44F3-B123-E02A6B1BACC9";
				"PROVISIONING_PROFILE[sdk=iphoneos*]" = "C4EC4846-0D3A-44F3-B123-E02A6B1BACC9";
				WRAPPER_EXTENSION = app;
			};
			name = Debug;
		};
		9A9E41DB15FA7C960013E24D /* Release */ = {
			isa = XCBuildConfiguration;
			buildSettings = {
				CODE_SIGN_IDENTITY = "iPhone Distribution: hugo melo";
				"CODE_SIGN_IDENTITY[sdk=iphoneos*]" = "iPhone Distribution: hugo melo";
				FRAMEWORK_SEARCH_PATHS = (
					"$(inherited)",
					"\"$(SRCROOT)\"",
				);
				GCC_PRECOMPILE_PREFIX_HEADER = YES;
				GCC_PREFIX_HEADER = "push/push-Prefix.pch";
				INFOPLIST_FILE = "push/push-Info.plist";
				PRODUCT_NAME = "$(TARGET_NAME)";
				PROVISIONING_PROFILE = "AAB1A552-D457-4DC1-96C5-58BBB1F02DE4";
				"PROVISIONING_PROFILE[sdk=iphoneos*]" = "AAB1A552-D457-4DC1-96C5-58BBB1F02DE4";
				WRAPPER_EXTENSION = app;
			};
			name = Release;
		};
/* End XCBuildConfiguration section */

/* Begin XCConfigurationList section */
		9A9E41BB15FA7C960013E24D /* Build configuration list for PBXProject "push" */ = {
			isa = XCConfigurationList;
			buildConfigurations = (
				9A9E41D715FA7C960013E24D /* Debug */,
				9A9E41D815FA7C960013E24D /* Release */,
			);
			defaultConfigurationIsVisible = 0;
			defaultConfigurationName = Release;
		};
		9A9E41D915FA7C960013E24D /* Build configuration list for PBXNativeTarget "push" */ = {
			isa = XCConfigurationList;
			buildConfigurations = (
				9A9E41DA15FA7C960013E24D /* Debug */,
				9A9E41DB15FA7C960013E24D /* Release */,
			);
			defaultConfigurationIsVisible = 0;
			defaultConfigurationName = Release;
		};
/* End XCConfigurationList section */
	};
	rootObject = 9A9E41B815FA7C960013E24D /* Project object */;
}
